
Microsoft Visual Studio Solution File, Format Version 12.00
# Visual Studio Version 17
VisualStudioVersion = 17.10.35027.167
MinimumVisualStudioVersion = 10.0.40219.1
Project("{FAE04EC0-301F-11D3-BF4B-00C04F79EFBC}") = "login", "login\login.csproj", "{E71D8DB6-4CAB-457B-B9C1-EFAF39CD73A1}"
EndProject
Global
	GlobalSection(SolutionConfigurationPlatforms) = preSolution
		Debug|Any CPU = Debug|Any CPU
		Release|Any CPU = Release|Any CPU
	EndGlobalSection
	GlobalSection(ProjectConfigurationPlatforms) = postSolution
		{E71D8DB6-4CAB-457B-B9C1-EFAF39CD73A1}.Debug|Any CPU.ActiveCfg = Debug|Any CPU
		{E71D8DB6-4CAB-457B-B9C1-EFAF39CD73A1}.Debug|Any CPU.Build.0 = Debug|Any CPU
		{E71D8DB6-4CAB-457B-B9C1-EFAF39CD73A1}.Release|Any CPU.ActiveCfg = Release|Any CPU
		{E71D8DB6-4CAB-457B-B9C1-EFAF39CD73A1}.Release|Any CPU.Build.0 = Release|Any CPU
	EndGlobalSection
	GlobalSection(SolutionProperties) = preSolution
		HideSolutionNode = FALSE
	EndGlobalSection
	GlobalSection(ExtensibilityGlobals) = postSolution
		SolutionGuid = {9C12E7E0-33C6-4F15-88A9-A5C73A8847BD}
	EndGlobalSection
EndGlobal
